
Microsoft Visual Studio Solution File, Format Version 12.00
Project("{FAE04EC0-301F-11D3-BF4B-00C04F79EFBC}") = "JSONPatchTutorial.API", "src\JSONPatchTutorial.API\JSONPatchTutorial.API.csproj", "{98B1951D-EC15-44C6-9604-66A369E7A587}"
EndProject
Project("{FAE04EC0-301F-11D3-BF4B-00C04F79EFBC}") = "JSONPatchTutorial.Service", "src\JSONPatchTutorial.Service\JSONPatchTutorial.Service.csproj", "{D847B4CB-EE53-4521-A337-E192AFE876A5}"
EndProject
Project("{FAE04EC0-301F-11D3-BF4B-00C04F79EFBC}") = "JSONPatchTutorial.Contract", "src\JSONPatchTutorial.Contract\JSONPatchTutorial.Contract.csproj", "{4E1E0D2D-4907-4F46-8971-D7241AE09254}"
EndProject
Project("{FAE04EC0-301F-11D3-BF4B-00C04F79EFBC}") = "JSONPatchTutorial.Data", "src\JSONPatchTutorial.Data\JSONPatchTutorial.Data.csproj", "{D91A6355-D9A7-4B7B-8E9B-CE5D2EAD06C5}"
EndProject
Project("{FAE04EC0-301F-11D3-BF4B-00C04F79EFBC}") = "JSONPatchTutorial.Domain", "src\JSONPatchTutorial.Domain\JSONPatchTutorial.Domain.csproj", "{72285468-4472-436C-AE6E-90DFF191D3CC}"
EndProject
Project("{FAE04EC0-301F-11D3-BF4B-00C04F79EFBC}") = "JSONPatchTutorial.Seeding", "src\JSONPatchTutorial.Seeding\JSONPatchTutorial.Seeding.csproj", "{16CF4218-C66E-423C-9A3A-AB9174E95D81}"
EndProject
Project("{2150E333-8FDC-42A3-9474-1A3956D46DE8}") = "src", "src", "{A1390077-AF60-471D-8BCE-BE177836DB33}"
EndProject
Project("{2150E333-8FDC-42A3-9474-1A3956D46DE8}") = "tests", "tests", "{37B381DA-D3C5-4F3B-8FBE-D1A7A340C6D2}"
EndProject
Project("{FAE04EC0-301F-11D3-BF4B-00C04F79EFBC}") = "JSONPatchTutorial.Service.Tests", "tests\JSONPatchTutorial.Service.Tests\JSONPatchTutorial.Service.Tests.csproj", "{69CF72A1-7563-4016-9BB2-52F86287C4E3}"
EndProject
Project("{FAE04EC0-301F-11D3-BF4B-00C04F79EFBC}") = "JSONPatchTutorial.API.Tests", "tests\JSONPatchTutorial.API.Tests\JSONPatchTutorial.API.Tests.csproj", "{3697CE65-983D-4A33-A226-CF8C5CEC6F32}"
EndProject
Project("{FAE04EC0-301F-11D3-BF4B-00C04F79EFBC}") = "JSONPatchTutorial.Serialization", "src\JSONPatchTutorial.Serialization\JSONPatchTutorial.Serialization.csproj", "{956E1D5E-B4DD-49B4-AA28-FF4AF1F23444}"
EndProject
Global
	GlobalSection(SolutionConfigurationPlatforms) = preSolution
		Debug|Any CPU = Debug|Any CPU
		Release|Any CPU = Release|Any CPU
	EndGlobalSection
	GlobalSection(ProjectConfigurationPlatforms) = postSolution
		{98B1951D-EC15-44C6-9604-66A369E7A587}.Debug|Any CPU.ActiveCfg = Debug|Any CPU
		{98B1951D-EC15-44C6-9604-66A369E7A587}.Debug|Any CPU.Build.0 = Debug|Any CPU
		{98B1951D-EC15-44C6-9604-66A369E7A587}.Release|Any CPU.ActiveCfg = Release|Any CPU
		{98B1951D-EC15-44C6-9604-66A369E7A587}.Release|Any CPU.Build.0 = Release|Any CPU
		{D847B4CB-EE53-4521-A337-E192AFE876A5}.Debug|Any CPU.ActiveCfg = Debug|Any CPU
		{D847B4CB-EE53-4521-A337-E192AFE876A5}.Debug|Any CPU.Build.0 = Debug|Any CPU
		{D847B4CB-EE53-4521-A337-E192AFE876A5}.Release|Any CPU.ActiveCfg = Release|Any CPU
		{D847B4CB-EE53-4521-A337-E192AFE876A5}.Release|Any CPU.Build.0 = Release|Any CPU
		{4E1E0D2D-4907-4F46-8971-D7241AE09254}.Debug|Any CPU.ActiveCfg = Debug|Any CPU
		{4E1E0D2D-4907-4F46-8971-D7241AE09254}.Debug|Any CPU.Build.0 = Debug|Any CPU
		{4E1E0D2D-4907-4F46-8971-D7241AE09254}.Release|Any CPU.ActiveCfg = Release|Any CPU
		{4E1E0D2D-4907-4F46-8971-D7241AE09254}.Release|Any CPU.Build.0 = Release|Any CPU
		{D91A6355-D9A7-4B7B-8E9B-CE5D2EAD06C5}.Debug|Any CPU.ActiveCfg = Debug|Any CPU
		{D91A6355-D9A7-4B7B-8E9B-CE5D2EAD06C5}.Debug|Any CPU.Build.0 = Debug|Any CPU
		{D91A6355-D9A7-4B7B-8E9B-CE5D2EAD06C5}.Release|Any CPU.ActiveCfg = Release|Any CPU
		{D91A6355-D9A7-4B7B-8E9B-CE5D2EAD06C5}.Release|Any CPU.Build.0 = Release|Any CPU
		{72285468-4472-436C-AE6E-90DFF191D3CC}.Debug|Any CPU.ActiveCfg = Debug|Any CPU
		{72285468-4472-436C-AE6E-90DFF191D3CC}.Debug|Any CPU.Build.0 = Debug|Any CPU
		{72285468-4472-436C-AE6E-90DFF191D3CC}.Release|Any CPU.ActiveCfg = Release|Any CPU
		{72285468-4472-436C-AE6E-90DFF191D3CC}.Release|Any CPU.Build.0 = Release|Any CPU
		{16CF4218-C66E-423C-9A3A-AB9174E95D81}.Debug|Any CPU.ActiveCfg = Debug|Any CPU
		{16CF4218-C66E-423C-9A3A-AB9174E95D81}.Debug|Any CPU.Build.0 = Debug|Any CPU
		{16CF4218-C66E-423C-9A3A-AB9174E95D81}.Release|Any CPU.ActiveCfg = Release|Any CPU
		{16CF4218-C66E-423C-9A3A-AB9174E95D81}.Release|Any CPU.Build.0 = Release|Any CPU
		{69CF72A1-7563-4016-9BB2-52F86287C4E3}.Debug|Any CPU.ActiveCfg = Debug|Any CPU
		{69CF72A1-7563-4016-9BB2-52F86287C4E3}.Debug|Any CPU.Build.0 = Debug|Any CPU
		{69CF72A1-7563-4016-9BB2-52F86287C4E3}.Release|Any CPU.ActiveCfg = Release|Any CPU
		{69CF72A1-7563-4016-9BB2-52F86287C4E3}.Release|Any CPU.Build.0 = Release|Any CPU
		{3697CE65-983D-4A33-A226-CF8C5CEC6F32}.Debug|Any CPU.ActiveCfg = Debug|Any CPU
		{3697CE65-983D-4A33-A226-CF8C5CEC6F32}.Debug|Any CPU.Build.0 = Debug|Any CPU
		{3697CE65-983D-4A33-A226-CF8C5CEC6F32}.Release|Any CPU.ActiveCfg = Release|Any CPU
		{3697CE65-983D-4A33-A226-CF8C5CEC6F32}.Release|Any CPU.Build.0 = Release|Any CPU
		{956E1D5E-B4DD-49B4-AA28-FF4AF1F23444}.Debug|Any CPU.ActiveCfg = Debug|Any CPU
		{956E1D5E-B4DD-49B4-AA28-FF4AF1F23444}.Debug|Any CPU.Build.0 = Debug|Any CPU
		{956E1D5E-B4DD-49B4-AA28-FF4AF1F23444}.Release|Any CPU.ActiveCfg = Release|Any CPU
		{956E1D5E-B4DD-49B4-AA28-FF4AF1F23444}.Release|Any CPU.Build.0 = Release|Any CPU
	EndGlobalSection
	GlobalSection(NestedProjects) = preSolution
		{98B1951D-EC15-44C6-9604-66A369E7A587} = {A1390077-AF60-471D-8BCE-BE177836DB33}
		{D91A6355-D9A7-4B7B-8E9B-CE5D2EAD06C5} = {A1390077-AF60-471D-8BCE-BE177836DB33}
		{D847B4CB-EE53-4521-A337-E192AFE876A5} = {A1390077-AF60-471D-8BCE-BE177836DB33}
		{72285468-4472-436C-AE6E-90DFF191D3CC} = {A1390077-AF60-471D-8BCE-BE177836DB33}
		{4E1E0D2D-4907-4F46-8971-D7241AE09254} = {A1390077-AF60-471D-8BCE-BE177836DB33}
		{16CF4218-C66E-423C-9A3A-AB9174E95D81} = {A1390077-AF60-471D-8BCE-BE177836DB33}
		{69CF72A1-7563-4016-9BB2-52F86287C4E3} = {37B381DA-D3C5-4F3B-8FBE-D1A7A340C6D2}
		{3697CE65-983D-4A33-A226-CF8C5CEC6F32} = {37B381DA-D3C5-4F3B-8FBE-D1A7A340C6D2}
		{956E1D5E-B4DD-49B4-AA28-FF4AF1F23444} = {A1390077-AF60-471D-8BCE-BE177836DB33}
	EndGlobalSection
EndGlobal
